
Microsoft Visual Studio Solution File, Format Version 12.00
# Visual Studio Version 17
VisualStudioVersion = 17.11.35222.181
MinimumVisualStudioVersion = 10.0.40219.1
Project("{FAE04EC0-301F-11D3-BF4B-00C04F79EFBC}") = "FrontClinicaMedica", "FrontClinicaMedica.csproj", "{C4593849-B2C1-4345-9B1C-4F260EC8D9FF}"
EndProject
Global
	GlobalSection(SolutionConfigurationPlatforms) = preSolution
		Debug|Any CPU = Debug|Any CPU
		Release|Any CPU = Release|Any CPU
	EndGlobalSection
	GlobalSection(ProjectConfigurationPlatforms) = postSolution
		{C4593849-B2C1-4345-9B1C-4F260EC8D9FF}.Debug|Any CPU.ActiveCfg = Debug|Any CPU
		{C4593849-B2C1-4345-9B1C-4F260EC8D9FF}.Debug|Any CPU.Build.0 = Debug|Any CPU
		{C4593849-B2C1-4345-9B1C-4F260EC8D9FF}.Release|Any CPU.ActiveCfg = Release|Any CPU
		{C4593849-B2C1-4345-9B1C-4F260EC8D9FF}.Release|Any CPU.Build.0 = Release|Any CPU
	EndGlobalSection
	GlobalSection(SolutionProperties) = preSolution
		HideSolutionNode = FALSE
	EndGlobalSection
	GlobalSection(ExtensibilityGlobals) = postSolution
		SolutionGuid = {648B87DE-D232-425C-B5D0-6C4F878D477D}
	EndGlobalSection
EndGlobal
